
Microsoft Visual Studio Solution File, Format Version 12.00
# Visual Studio Version 16
VisualStudioVersion = 16.0.29926.136
MinimumVisualStudioVersion = 10.0.40219.1
Project("{FAE04EC0-301F-11D3-BF4B-00C04F79EFBC}") = "GoogleCodejam2020", "GoogleCodejam2020\GoogleCodejam2020.csproj", "{39C3A65A-ACFF-47EA-8D9C-5291A9948E38}"
EndProject
Global
	GlobalSection(SolutionConfigurationPlatforms) = preSolution
		Debug|Any CPU = Debug|Any CPU
		Release|Any CPU = Release|Any CPU
	EndGlobalSection
	GlobalSection(ProjectConfigurationPlatforms) = postSolution
		{39C3A65A-ACFF-47EA-8D9C-5291A9948E38}.Debug|Any CPU.ActiveCfg = Debug|Any CPU
		{39C3A65A-ACFF-47EA-8D9C-5291A9948E38}.Debug|Any CPU.Build.0 = Debug|Any CPU
		{39C3A65A-ACFF-47EA-8D9C-5291A9948E38}.Release|Any CPU.ActiveCfg = Release|Any CPU
		{39C3A65A-ACFF-47EA-8D9C-5291A9948E38}.Release|Any CPU.Build.0 = Release|Any CPU
	EndGlobalSection
	GlobalSection(SolutionProperties) = preSolution
		HideSolutionNode = FALSE
	EndGlobalSection
	GlobalSection(ExtensibilityGlobals) = postSolution
		SolutionGuid = {B59AA06E-5A05-47C2-B926-C538DA730A26}
	EndGlobalSection
EndGlobal
